{
  "version": 4,
  "terraform_version": "0.13.5",
  "serial": 40,
  "lineage": "a18ddffd-de29-cab8-c37b-82f6c0aa4df3",
  "outputs": {},
  "resources": [
    {
      "mode": "data",
      "type": "google_project",
      "name": "project",
      "provider": "provider[\"registry.terraform.io/hashicorp/google\"]",
      "instances": [
        {
          "schema_version": 0,
          "attributes": {
            "auto_create_network": null,
            "billing_account": "0115B9-E0CFFC-4994B7",
            "folder_id": "",
            "id": "projects/halfdanjdk",
            "labels": {},
            "name": "halfdanjdk",
            "number": "182601438844",
            "org_id": "1026614928494",
            "project_id": "halfdanjdk",
            "skip_delete": null
          }
        }
      ]
    },
    {
      "mode": "managed",
      "type": "google_compute_managed_ssl_certificate",
      "name": "assets",
      "provider": "provider[\"registry.terraform.io/hashicorp/google-beta\"]",
      "instances": [
        {
          "schema_version": 0,
          "attributes": {
            "certificate_id": 3956628329876986867,
            "creation_timestamp": "2021-03-01T09:32:12.721-08:00",
            "description": "",
            "expire_time": "",
            "id": "projects/halfdanjdk/global/sslCertificates/hosting-certificate",
            "managed": [
              {
                "domains": [
                  "halfdanj.dk"
                ]
              }
            ],
            "name": "hosting-certificate",
            "project": "halfdanjdk",
            "self_link": "https://www.googleapis.com/compute/v1/projects/halfdanjdk/global/sslCertificates/hosting-certificate",
            "subject_alternative_names": [],
            "timeouts": null,
            "type": "MANAGED"
          },
          "private": "eyJlMmJmYjczMC1lY2FhLTExZTYtOGY4OC0zNDM2M2JjN2M0YzAiOnsiY3JlYXRlIjozNjAwMDAwMDAwMDAsImRlbGV0ZSI6MTgwMDAwMDAwMDAwMH19"
        }
      ]
    },
    {
      "mode": "managed",
      "type": "google_project_iam_member",
      "name": "appengineiam",
      "provider": "provider[\"registry.terraform.io/hashicorp/google\"]",
      "instances": [
        {
          "schema_version": 0,
          "attributes": {
            "condition": [],
            "etag": "BwW8fk/m7W4=",
            "id": "halfdanjdk/roles/appengine.appAdmin/serviceaccount:github-actions@halfdanjdk.iam.gserviceaccount.com",
            "member": "serviceAccount:github-actions@halfdanjdk.iam.gserviceaccount.com",
            "project": "halfdanjdk",
            "role": "roles/appengine.appAdmin"
          },
          "private": "bnVsbA==",
          "dependencies": [
            "google_service_account.github_actions"
          ]
        }
      ]
    },
    {
      "mode": "managed",
      "type": "google_project_iam_member",
      "name": "cloudbuildiam",
      "provider": "provider[\"registry.terraform.io/hashicorp/google\"]",
      "instances": [
        {
          "schema_version": 0,
          "attributes": {
            "condition": [],
            "etag": "BwW8fk/m7W4=",
            "id": "halfdanjdk/roles/cloudbuild.builds.editor/serviceaccount:github-actions@halfdanjdk.iam.gserviceaccount.com",
            "member": "serviceAccount:github-actions@halfdanjdk.iam.gserviceaccount.com",
            "project": "halfdanjdk",
            "role": "roles/cloudbuild.builds.editor"
          },
          "private": "bnVsbA==",
          "dependencies": [
            "google_service_account.github_actions"
          ]
        }
      ]
    },
    {
      "mode": "managed",
      "type": "google_project_iam_member",
      "name": "storageiam",
      "provider": "provider[\"registry.terraform.io/hashicorp/google\"]",
      "instances": [
        {
          "schema_version": 0,
          "attributes": {
            "condition": [],
            "etag": "BwW8fk/m7W4=",
            "id": "halfdanjdk/roles/compute.storageAdmin/serviceaccount:github-actions@halfdanjdk.iam.gserviceaccount.com",
            "member": "serviceAccount:github-actions@halfdanjdk.iam.gserviceaccount.com",
            "project": "halfdanjdk",
            "role": "roles/compute.storageAdmin"
          },
          "private": "bnVsbA==",
          "dependencies": [
            "google_service_account.github_actions"
          ]
        }
      ]
    },
    {
      "mode": "managed",
      "type": "google_service_account",
      "name": "github_actions",
      "provider": "provider[\"registry.terraform.io/hashicorp/google\"]",
      "instances": [
        {
          "schema_version": 0,
          "attributes": {
            "account_id": "github-actions",
            "description": "Github actions service account",
            "display_name": "github-actions",
            "email": "github-actions@halfdanjdk.iam.gserviceaccount.com",
            "id": "projects/halfdanjdk/serviceAccounts/github-actions@halfdanjdk.iam.gserviceaccount.com",
            "name": "projects/halfdanjdk/serviceAccounts/github-actions@halfdanjdk.iam.gserviceaccount.com",
            "project": "halfdanjdk",
            "timeouts": null,
            "unique_id": "114269458830834264886"
          },
          "private": "eyJlMmJmYjczMC1lY2FhLTExZTYtOGY4OC0zNDM2M2JjN2M0YzAiOnsiY3JlYXRlIjozMDAwMDAwMDAwMDB9fQ=="
        }
      ]
    }
  ]
}
