{
  "version": 4,
  "terraform_version": "0.13.5",
  "serial": 10,
  "lineage": "a18ddffd-de29-cab8-c37b-82f6c0aa4df3",
  "outputs": {},
  "resources": [
    {
      "mode": "data",
      "type": "google_project",
      "name": "project",
      "provider": "provider[\"registry.terraform.io/hashicorp/google\"]",
      "instances": [
        {
          "schema_version": 0,
          "attributes": {
            "auto_create_network": null,
            "billing_account": "0115B9-E0CFFC-4994B7",
            "folder_id": "",
            "id": "projects/halfdanjdk",
            "labels": {},
            "name": "halfdanjdk",
            "number": "182601438844",
            "org_id": "1026614928494",
            "project_id": "halfdanjdk",
            "skip_delete": null
          }
        }
      ]
    },
    {
      "mode": "managed",
      "type": "google_compute_global_forwarding_rule",
      "name": "assets",
      "provider": "provider[\"registry.terraform.io/hashicorp/google\"]",
      "instances": []
    },
    {
      "mode": "managed",
      "type": "google_compute_global_forwarding_rule",
      "name": "https-assets",
      "provider": "provider[\"registry.terraform.io/hashicorp/google\"]",
      "instances": []
    },
    {
      "mode": "managed",
      "type": "google_compute_target_http_proxy",
      "name": "assets",
      "provider": "provider[\"registry.terraform.io/hashicorp/google\"]",
      "instances": []
    },
    {
      "mode": "managed",
      "type": "google_compute_target_https_proxy",
      "name": "assets",
      "provider": "provider[\"registry.terraform.io/hashicorp/google\"]",
      "instances": []
    },
    {
      "mode": "managed",
      "type": "google_compute_url_map",
      "name": "assets",
      "provider": "provider[\"registry.terraform.io/hashicorp/google\"]",
      "instances": []
    },
    {
      "mode": "managed",
      "type": "google_project_iam_member",
      "name": "loadbalancer-admin-iam",
      "provider": "provider[\"registry.terraform.io/hashicorp/google\"]",
      "instances": [
        {
          "schema_version": 0,
          "attributes": {
            "condition": [],
            "etag": "BwW8fPyKzaQ=",
            "id": "halfdanjdk/roles/compute.loadBalancerAdmin/serviceaccount:github-actions@halfdanjdk.iam.gserviceaccount.com",
            "member": "serviceAccount:github-actions@halfdanjdk.iam.gserviceaccount.com",
            "project": "halfdanjdk",
            "role": "roles/compute.loadBalancerAdmin"
          },
          "private": "bnVsbA==",
          "dependencies": [
            "google_service_account.github_actions"
          ]
        }
      ]
    },
    {
      "mode": "managed",
      "type": "google_service_account",
      "name": "github_actions",
      "provider": "provider[\"registry.terraform.io/hashicorp/google\"]",
      "instances": [
        {
          "schema_version": 0,
          "attributes": {
            "account_id": "github-actions",
            "description": "Github actions service account",
            "display_name": "github-actions",
            "email": "github-actions@halfdanjdk.iam.gserviceaccount.com",
            "id": "projects/halfdanjdk/serviceAccounts/github-actions@halfdanjdk.iam.gserviceaccount.com",
            "name": "projects/halfdanjdk/serviceAccounts/github-actions@halfdanjdk.iam.gserviceaccount.com",
            "project": "halfdanjdk",
            "timeouts": null,
            "unique_id": "114269458830834264886"
          },
          "private": "eyJlMmJmYjczMC1lY2FhLTExZTYtOGY4OC0zNDM2M2JjN2M0YzAiOnsiY3JlYXRlIjozMDAwMDAwMDAwMDB9fQ=="
        }
      ]
    },
    {
      "mode": "managed",
      "type": "google_storage_bucket",
      "name": "assets",
      "provider": "provider[\"registry.terraform.io/hashicorp/google\"]",
      "instances": [
        {
          "schema_version": 0,
          "attributes": {
            "bucket_policy_only": false,
            "cors": [],
            "default_event_based_hold": false,
            "encryption": [],
            "force_destroy": false,
            "id": "hosting-halfdanjdk",
            "labels": {},
            "lifecycle_rule": [],
            "location": "US",
            "logging": [],
            "name": "hosting-halfdanjdk",
            "project": "halfdanjdk",
            "requester_pays": false,
            "retention_policy": [],
            "self_link": "https://www.googleapis.com/storage/v1/b/hosting-halfdanjdk",
            "storage_class": "MULTI_REGIONAL",
            "uniform_bucket_level_access": false,
            "url": "gs://hosting-halfdanjdk",
            "versioning": [],
            "website": [
              {
                "main_page_suffix": "index.html",
                "not_found_page": "404.html"
              }
            ]
          },
          "private": "bnVsbA=="
        }
      ]
    },
    {
      "mode": "managed",
      "type": "google_storage_bucket_iam_member",
      "name": "assets-admin-iam",
      "provider": "provider[\"registry.terraform.io/hashicorp/google\"]",
      "instances": []
    },
    {
      "mode": "managed",
      "type": "google_storage_bucket_iam_member",
      "name": "viewer",
      "provider": "provider[\"registry.terraform.io/hashicorp/google\"]",
      "instances": [
        {
          "schema_version": 0,
          "attributes": {
            "bucket": "b/hosting-halfdanjdk",
            "condition": [],
            "etag": "CAI=",
            "id": "b/hosting-halfdanjdk/roles/storage.objectViewer/allusers",
            "member": "allUsers",
            "role": "roles/storage.objectViewer"
          },
          "private": "bnVsbA==",
          "dependencies": [
            "google_storage_bucket.assets"
          ]
        }
      ]
    }
  ]
}
